// !$*UTF8*$!
{
	archiveVersion = 1;
	classes = {
	};
	objectVersion = 46;
	objects = {

/* Begin PBXBuildFile section */
		224CF05A197BB83F0063F7CF /* AppDelegate.swift in Sources */ = {isa = PBXBuildFile; fileRef = 224CF059197BB83F0063F7CF /* AppDelegate.swift */; };
		224CF05C197BB83F0063F7CF /* ViewController.swift in Sources */ = {isa = PBXBuildFile; fileRef = 224CF05B197BB83F0063F7CF /* ViewController.swift */; };
		224CF05F197BB83F0063F7CF /* Main.storyboard in Resources */ = {isa = PBXBuildFile; fileRef = 224CF05D197BB83F0063F7CF /* Main.storyboard */; };
		224CF061197BB83F0063F7CF /* Images.xcassets in Resources */ = {isa = PBXBuildFile; fileRef = 224CF060197BB83F0063F7CF /* Images.xcassets */; };
		224CF06D197BB83F0063F7CF /* SwiftCollectionViewTests.swift in Sources */ = {isa = PBXBuildFile; fileRef = 224CF06C197BB83F0063F7CF /* SwiftCollectionViewTests.swift */; };
/* End PBXBuildFile section */

/* Begin PBXContainerItemProxy section */
		224CF067197BB83F0063F7CF /* PBXContainerItemProxy */ = {
			isa = PBXContainerItemProxy;
			containerPortal = 224CF04C197BB83F0063F7CF /* Project object */;
			proxyType = 1;
			remoteGlobalIDString = 224CF053197BB83F0063F7CF;
			remoteInfo = SwiftCollectionView;
		};
/* End PBXContainerItemProxy section */

/* Begin PBXFileReference section */
		224CF054197BB83F0063F7CF /* SwiftCollectionView.app */ = {isa = PBXFileReference; explicitFileType = wrapper.application; includeInIndex = 0; path = SwiftCollectionView.app; sourceTree = BUILT_PRODUCTS_DIR; };
		224CF058197BB83F0063F7CF /* Info.plist */ = {isa = PBXFileReference; lastKnownFileType = text.plist.xml; path = Info.plist; sourceTree = "<group>"; };
		224CF059197BB83F0063F7CF /* AppDelegate.swift */ = {isa = PBXFileReference; lastKnownFileType = sourcecode.swift; path = AppDelegate.swift; sourceTree = "<group>"; };
		224CF05B197BB83F0063F7CF /* ViewController.swift */ = {isa = PBXFileReference; lastKnownFileType = sourcecode.swift; path = ViewController.swift; sourceTree = "<group>"; };
		224CF05E197BB83F0063F7CF /* Base */ = {isa = PBXFileReference; lastKnownFileType = file.storyboard; name = Base; path = Base.lproj/Main.storyboard; sourceTree = "<group>"; };
		224CF060197BB83F0063F7CF /* Images.xcassets */ = {isa = PBXFileReference; lastKnownFileType = folder.assetcatalog; path = Images.xcassets; sourceTree = "<group>"; };
		224CF066197BB83F0063F7CF /* SwiftCollectionViewTests.xctest */ = {isa = PBXFileReference; explicitFileType = wrapper.cfbundle; includeInIndex = 0; path = SwiftCollectionViewTests.xctest; sourceTree = BUILT_PRODUCTS_DIR; };
		224CF06B197BB83F0063F7CF /* Info.plist */ = {isa = PBXFileReference; lastKnownFileType = text.plist.xml; path = Info.plist; sourceTree = "<group>"; };
		224CF06C197BB83F0063F7CF /* SwiftCollectionViewTests.swift */ = {isa = PBXFileReference; lastKnownFileType = sourcecode.swift; path = SwiftCollectionViewTests.swift; sourceTree = "<group>"; };
/* End PBXFileReference section */

/* Begin PBXFrameworksBuildPhase section */
		224CF051197BB83F0063F7CF /* Frameworks */ = {
			isa = PBXFrameworksBuildPhase;
			buildActionMask = 2147483647;
			files = (
			);
			runOnlyForDeploymentPostprocessing = 0;
		};
		224CF063197BB83F0063F7CF /* Frameworks */ = {
			isa = PBXFrameworksBuildPhase;
			buildActionMask = 2147483647;
			files = (
			);
			runOnlyForDeploymentPostprocessing = 0;
		};
/* End PBXFrameworksBuildPhase section */

/* Begin PBXGroup section */
		224CF04B197BB83F0063F7CF = {
			isa = PBXGroup;
			children = (
				224CF056197BB83F0063F7CF /* SwiftCollectionView */,
				224CF069197BB83F0063F7CF /* SwiftCollectionViewTests */,
				224CF055197BB83F0063F7CF /* Products */,
			);
			sourceTree = "<group>";
		};
		224CF055197BB83F0063F7CF /* Products */ = {
			isa = PBXGroup;
			children = (
				224CF054197BB83F0063F7CF /* SwiftCollectionView.app */,
				224CF066197BB83F0063F7CF /* SwiftCollectionViewTests.xctest */,
			);
			name = Products;
			sourceTree = "<group>";
		};
		224CF056197BB83F0063F7CF /* SwiftCollectionView */ = {
			isa = PBXGroup;
			children = (
				224CF059197BB83F0063F7CF /* AppDelegate.swift */,
				224CF05B197BB83F0063F7CF /* ViewController.swift */,
				224CF05D197BB83F0063F7CF /* Main.storyboard */,
				224CF060197BB83F0063F7CF /* Images.xcassets */,
				224CF057197BB83F0063F7CF /* Supporting Files */,
			);
			path = SwiftCollectionView;
			sourceTree = "<group>";
		};
		224CF057197BB83F0063F7CF /* Supporting Files */ = {
			isa = PBXGroup;
			children = (
				224CF058197BB83F0063F7CF /* Info.plist */,
			);
			name = "Supporting Files";
			sourceTree = "<group>";
		};
		224CF069197BB83F0063F7CF /* SwiftCollectionViewTests */ = {
			isa = PBXGroup;
			children = (
				224CF06C197BB83F0063F7CF /* SwiftCollectionViewTests.swift */,
				224CF06A197BB83F0063F7CF /* Supporting Files */,
			);
			path = SwiftCollectionViewTests;
			sourceTree = "<group>";
		};
		224CF06A197BB83F0063F7CF /* Supporting Files */ = {
			isa = PBXGroup;
			children = (
				224CF06B197BB83F0063F7CF /* Info.plist */,
			);
			name = "Supporting Files";
			sourceTree = "<group>";
		};
/* End PBXGroup section */

/* Begin PBXNativeTarget section */
		224CF053197BB83F0063F7CF /* SwiftCollectionView */ = {
			isa = PBXNativeTarget;
			buildConfigurationList = 224CF070197BB8400063F7CF /* Build configuration list for PBXNativeTarget "SwiftCollectionView" */;
			buildPhases = (
				224CF050197BB83F0063F7CF /* Sources */,
				224CF051197BB83F0063F7CF /* Frameworks */,
				224CF052197BB83F0063F7CF /* Resources */,
			);
			buildRules = (
			);
			dependencies = (
			);
			name = SwiftCollectionView;
			productName = SwiftCollectionView;
			productReference = 224CF054197BB83F0063F7CF /* SwiftCollectionView.app */;
			productType = "com.apple.product-type.application";
		};
		224CF065197BB83F0063F7CF /* SwiftCollectionViewTests */ = {
			isa = PBXNativeTarget;
			buildConfigurationList = 224CF073197BB8400063F7CF /* Build configuration list for PBXNativeTarget "SwiftCollectionViewTests" */;
			buildPhases = (
				224CF062197BB83F0063F7CF /* Sources */,
				224CF063197BB83F0063F7CF /* Frameworks */,
				224CF064197BB83F0063F7CF /* Resources */,
			);
			buildRules = (
			);
			dependencies = (
				224CF068197BB83F0063F7CF /* PBXTargetDependency */,
			);
			name = SwiftCollectionViewTests;
			productName = SwiftCollectionViewTests;
			productReference = 224CF066197BB83F0063F7CF /* SwiftCollectionViewTests.xctest */;
			productType = "com.apple.product-type.bundle.unit-test";
		};
/* End PBXNativeTarget section */

/* Begin PBXProject section */
		224CF04C197BB83F0063F7CF /* Project object */ = {
			isa = PBXProject;
			attributes = {
				LastUpgradeCheck = 0600;
				ORGANIZATIONNAME = "Charismatic Megafauna Ltd";
				TargetAttributes = {
					224CF053197BB83F0063F7CF = {
						CreatedOnToolsVersion = 6.0;
					};
					224CF065197BB83F0063F7CF = {
						CreatedOnToolsVersion = 6.0;
						TestTargetID = 224CF053197BB83F0063F7CF;
					};
				};
			};
			buildConfigurationList = 224CF04F197BB83F0063F7CF /* Build configuration list for PBXProject "SwiftCollectionView" */;
			compatibilityVersion = "Xcode 3.2";
			developmentRegion = English;
			hasScannedForEncodings = 0;
			knownRegions = (
				en,
				Base,
			);
			mainGroup = 224CF04B197BB83F0063F7CF;
			productRefGroup = 224CF055197BB83F0063F7CF /* Products */;
			projectDirPath = "";
			projectRoot = "";
			targets = (
				224CF053197BB83F0063F7CF /* SwiftCollectionView */,
				224CF065197BB83F0063F7CF /* SwiftCollectionViewTests */,
			);
		};
/* End PBXProject section */

/* Begin PBXResourcesBuildPhase section */
		224CF052197BB83F0063F7CF /* Resources */ = {
			isa = PBXResourcesBuildPhase;
			buildActionMask = 2147483647;
			files = (
				224CF05F197BB83F0063F7CF /* Main.storyboard in Resources */,
				224CF061197BB83F0063F7CF /* Images.xcassets in Resources */,
			);
			runOnlyForDeploymentPostprocessing = 0;
		};
		224CF064197BB83F0063F7CF /* Resources */ = {
			isa = PBXResourcesBuildPhase;
			buildActionMask = 2147483647;
			files = (
			);
			runOnlyForDeploymentPostprocessing = 0;
		};
/* End PBXResourcesBuildPhase section */

/* Begin PBXSourcesBuildPhase section */
		224CF050197BB83F0063F7CF /* Sources */ = {
			isa = PBXSourcesBuildPhase;
			buildActionMask = 2147483647;
			files = (
				224CF05C197BB83F0063F7CF /* ViewController.swift in Sources */,
				224CF05A197BB83F0063F7CF /* AppDelegate.swift in Sources */,
			);
			runOnlyForDeploymentPostprocessing = 0;
		};
		224CF062197BB83F0063F7CF /* Sources */ = {
			isa = PBXSourcesBuildPhase;
			buildActionMask = 2147483647;
			files = (
				224CF06D197BB83F0063F7CF /* SwiftCollectionViewTests.swift in Sources */,
			);
			runOnlyForDeploymentPostprocessing = 0;
		};
/* End PBXSourcesBuildPhase section */

/* Begin PBXTargetDependency section */
		224CF068197BB83F0063F7CF /* PBXTargetDependency */ = {
			isa = PBXTargetDependency;
			target = 224CF053197BB83F0063F7CF /* SwiftCollectionView */;
			targetProxy = 224CF067197BB83F0063F7CF /* PBXContainerItemProxy */;
		};
/* End PBXTargetDependency section */

/* Begin PBXVariantGroup section */
		224CF05D197BB83F0063F7CF /* Main.storyboard */ = {
			isa = PBXVariantGroup;
			children = (
				224CF05E197BB83F0063F7CF /* Base */,
			);
			name = Main.storyboard;
			sourceTree = "<group>";
		};
/* End PBXVariantGroup section */

/* Begin XCBuildConfiguration section */
		224CF06E197BB83F0063F7CF /* Debug */ = {
			isa = XCBuildConfiguration;
			buildSettings = {
				ALWAYS_SEARCH_USER_PATHS = NO;
				CLANG_CXX_LANGUAGE_STANDARD = "gnu++0x";
				CLANG_CXX_LIBRARY = "libc++";
				CLANG_ENABLE_MODULES = YES;
				CLANG_ENABLE_OBJC_ARC = YES;
				CLANG_WARN_BOOL_CONVERSION = YES;
				CLANG_WARN_CONSTANT_CONVERSION = YES;
				CLANG_WARN_DIRECT_OBJC_ISA_USAGE = YES_ERROR;
				CLANG_WARN_EMPTY_BODY = YES;
				CLANG_WARN_ENUM_CONVERSION = YES;
				CLANG_WARN_INT_CONVERSION = YES;
				CLANG_WARN_OBJC_ROOT_CLASS = YES_ERROR;
				CLANG_WARN_UNREACHABLE_CODE = YES;
				CLANG_WARN__DUPLICATE_METHOD_MATCH = YES;
				"CODE_SIGN_IDENTITY[sdk=iphoneos*]" = "iPhone Developer";
				COPY_PHASE_STRIP = NO;
				ENABLE_STRICT_OBJC_MSGSEND = YES;
				GCC_C_LANGUAGE_STANDARD = gnu99;
				GCC_DYNAMIC_NO_PIC = NO;
				GCC_OPTIMIZATION_LEVEL = 0;
				GCC_PREPROCESSOR_DEFINITIONS = (
					"DEBUG=1",
					"$(inherited)",
				);
				GCC_SYMBOLS_PRIVATE_EXTERN = NO;
				GCC_WARN_64_TO_32_BIT_CONVERSION = YES;
				GCC_WARN_ABOUT_RETURN_TYPE = YES_ERROR;
				GCC_WARN_UNDECLARED_SELECTOR = YES;
				GCC_WARN_UNINITIALIZED_AUTOS = YES_AGGRESSIVE;
				GCC_WARN_UNUSED_FUNCTION = YES;
				GCC_WARN_UNUSED_VARIABLE = YES;
				IPHONEOS_DEPLOYMENT_TARGET = 8.0;
				METAL_ENABLE_DEBUG_INFO = YES;
				ONLY_ACTIVE_ARCH = YES;
				SDKROOT = iphoneos;
				SWIFT_OPTIMIZATION_LEVEL = "-Onone";
				TARGETED_DEVICE_FAMILY = 2;
			};
			name = Debug;
		};
		224CF06F197BB83F0063F7CF /* Release */ = {
			isa = XCBuildConfiguration;
			buildSettings = {
				ALWAYS_SEARCH_USER_PATHS = NO;
				CLANG_CXX_LANGUAGE_STANDARD = "gnu++0x";
				CLANG_CXX_LIBRARY = "libc++";
				CLANG_ENABLE_MODULES = YES;
				CLANG_ENABLE_OBJC_ARC = YES;
				CLANG_WARN_BOOL_CONVERSION = YES;
				CLANG_WARN_CONSTANT_CONVERSION = YES;
				CLANG_WARN_DIRECT_OBJC_ISA_USAGE = YES_ERROR;
				CLANG_WARN_EMPTY_BODY = YES;
				CLANG_WARN_ENUM_CONVERSION = YES;
				CLANG_WARN_INT_CONVERSION = YES;
				CLANG_WARN_OBJC_ROOT_CLASS = YES_ERROR;
				CLANG_WARN_UNREACHABLE_CODE = YES;
				CLANG_WARN__DUPLICATE_METHOD_MATCH = YES;
				"CODE_SIGN_IDENTITY[sdk=iphoneos*]" = "iPhone Developer";
				COPY_PHASE_STRIP = YES;
				ENABLE_NS_ASSERTIONS = NO;
				ENABLE_STRICT_OBJC_MSGSEND = YES;
				GCC_C_LANGUAGE_STANDARD = gnu99;
				GCC_WARN_64_TO_32_BIT_CONVERSION = YES;
				GCC_WARN_ABOUT_RETURN_TYPE = YES_ERROR;
				GCC_WARN_UNDECLARED_SELECTOR = YES;
				GCC_WARN_UNINITIALIZED_AUTOS = YES_AGGRESSIVE;
				GCC_WARN_UNUSED_FUNCTION = YES;
				GCC_WARN_UNUSED_VARIABLE = YES;
				IPHONEOS_DEPLOYMENT_TARGET = 8.0;
				METAL_ENABLE_DEBUG_INFO = NO;
				SDKROOT = iphoneos;
				TARGETED_DEVICE_FAMILY = 2;
				VALIDATE_PRODUCT = YES;
			};
			name = Release;
		};
		224CF071197BB8400063F7CF /* Debug */ = {
			isa = XCBuildConfiguration;
			buildSettings = {
				ASSETCATALOG_COMPILER_APPICON_NAME = AppIcon;
				ASSETCATALOG_COMPILER_LAUNCHIMAGE_NAME = LaunchImage;
				INFOPLIST_FILE = SwiftCollectionView/Info.plist;
				LD_RUNPATH_SEARCH_PATHS = "$(inherited) @executable_path/Frameworks";
				PRODUCT_NAME = "$(TARGET_NAME)";
			};
			name = Debug;
		};
		224CF072197BB8400063F7CF /* Release */ = {
			isa = XCBuildConfiguration;
			buildSettings = {
				ASSETCATALOG_COMPILER_APPICON_NAME = AppIcon;
				ASSETCATALOG_COMPILER_LAUNCHIMAGE_NAME = LaunchImage;
				INFOPLIST_FILE = SwiftCollectionView/Info.plist;
				LD_RUNPATH_SEARCH_PATHS = "$(inherited) @executable_path/Frameworks";
				PRODUCT_NAME = "$(TARGET_NAME)";
			};
			name = Release;
		};
		224CF074197BB8400063F7CF /* Debug */ = {
			isa = XCBuildConfiguration;
			buildSettings = {
				BUNDLE_LOADER = "$(BUILT_PRODUCTS_DIR)/SwiftCollectionView.app/SwiftCollectionView";
				FRAMEWORK_SEARCH_PATHS = (
					"$(SDKROOT)/Developer/Library/Frameworks",
					"$(inherited)",
				);
				GCC_PREPROCESSOR_DEFINITIONS = (
					"DEBUG=1",
					"$(inherited)",
				);
				INFOPLIST_FILE = SwiftCollectionViewTests/Info.plist;
				LD_RUNPATH_SEARCH_PATHS = "$(inherited) @executable_path/Frameworks @loader_path/Frameworks";
				METAL_ENABLE_DEBUG_INFO = YES;
				PRODUCT_NAME = "$(TARGET_NAME)";
				TEST_HOST = "$(BUNDLE_LOADER)";
			};
			name = Debug;
		};
		224CF075197BB8400063F7CF /* Release */ = {
			isa = XCBuildConfiguration;
			buildSettings = {
				BUNDLE_LOADER = "$(BUILT_PRODUCTS_DIR)/SwiftCollectionView.app/SwiftCollectionView";
				FRAMEWORK_SEARCH_PATHS = (
					"$(SDKROOT)/Developer/Library/Frameworks",
					"$(inherited)",
				);
				INFOPLIST_FILE = SwiftCollectionViewTests/Info.plist;
				LD_RUNPATH_SEARCH_PATHS = "$(inherited) @executable_path/Frameworks @loader_path/Frameworks";
				METAL_ENABLE_DEBUG_INFO = NO;
				PRODUCT_NAME = "$(TARGET_NAME)";
				TEST_HOST = "$(BUNDLE_LOADER)";
			};
			name = Release;
		};
/* End XCBuildConfiguration section */

/* Begin XCConfigurationList section */
		224CF04F197BB83F0063F7CF /* Build configuration list for PBXProject "SwiftCollectionView" */ = {
			isa = XCConfigurationList;
			buildConfigurations = (
				224CF06E197BB83F0063F7CF /* Debug */,
				224CF06F197BB83F0063F7CF /* Release */,
			);
			defaultConfigurationIsVisible = 0;
			defaultConfigurationName = Release;
		};
		224CF070197BB8400063F7CF /* Build configuration list for PBXNativeTarget "SwiftCollectionView" */ = {
			isa = XCConfigurationList;
			buildConfigurations = (
				224CF071197BB8400063F7CF /* Debug */,
				224CF072197BB8400063F7CF /* Release */,
			);
			defaultConfigurationIsVisible = 0;
		};
		224CF073197BB8400063F7CF /* Build configuration list for PBXNativeTarget "SwiftCollectionViewTests" */ = {
			isa = XCConfigurationList;
			buildConfigurations = (
				224CF074197BB8400063F7CF /* Debug */,
				224CF075197BB8400063F7CF /* Release */,
			);
			defaultConfigurationIsVisible = 0;
		};
/* End XCConfigurationList section */
	};
	rootObject = 224CF04C197BB83F0063F7CF /* Project object */;
}
